// !$*UTF8*$!
{
	archiveVersion = 1;
	classes = {
	};
	objectVersion = 56;
	objects = {

/* Begin PBXBuildFile section */
		EB089FED2B6175040005B458 /* LoginView.swift in Sources */ = {isa = PBXBuildFile; fileRef = EB089FEC2B6175040005B458 /* LoginView.swift */; };
		EB151A2D2B69158100521DAE /* UserSettings.swift in Sources */ = {isa = PBXBuildFile; fileRef = EB151A2C2B69158100521DAE /* UserSettings.swift */; };
		EB8438302B601481003AAD73 /* Recipes.swift in Sources */ = {isa = PBXBuildFile; fileRef = EB84382F2B601481003AAD73 /* Recipes.swift */; };
		EB875F072B6C157E00381C02 /* RecipesListViewModel.swift in Sources */ = {isa = PBXBuildFile; fileRef = EB875F062B6C157E00381C02 /* RecipesListViewModel.swift */; };
		EB875F092B6C15A800381C02 /* RecipesListView.swift in Sources */ = {isa = PBXBuildFile; fileRef = EB875F082B6C15A800381C02 /* RecipesListView.swift */; };
		EBA1DAD42B5FC0FA00A1096C /* CocinaApp.swift in Sources */ = {isa = PBXBuildFile; fileRef = EBA1DAD32B5FC0FA00A1096C /* CocinaApp.swift */; };
		EBA1DAD82B5FC0FB00A1096C /* Assets.xcassets in Resources */ = {isa = PBXBuildFile; fileRef = EBA1DAD72B5FC0FB00A1096C /* Assets.xcassets */; };
		EBA1DADC2B5FC0FB00A1096C /* Preview Assets.xcassets in Resources */ = {isa = PBXBuildFile; fileRef = EBA1DADB2B5FC0FB00A1096C /* Preview Assets.xcassets */; };
		EBA1DAE42B5FC16C00A1096C /* NetworkModel.swift in Sources */ = {isa = PBXBuildFile; fileRef = EBA1DAE32B5FC16C00A1096C /* NetworkModel.swift */; };
/* End PBXBuildFile section */

/* Begin PBXFileReference section */
		EB089FEC2B6175040005B458 /* LoginView.swift */ = {isa = PBXFileReference; lastKnownFileType = sourcecode.swift; path = LoginView.swift; sourceTree = "<group>"; };
		EB151A2C2B69158100521DAE /* UserSettings.swift */ = {isa = PBXFileReference; lastKnownFileType = sourcecode.swift; path = UserSettings.swift; sourceTree = "<group>"; };
		EB84382F2B601481003AAD73 /* Recipes.swift */ = {isa = PBXFileReference; lastKnownFileType = sourcecode.swift; path = Recipes.swift; sourceTree = "<group>"; };
		EB875F062B6C157E00381C02 /* RecipesListViewModel.swift */ = {isa = PBXFileReference; lastKnownFileType = sourcecode.swift; path = RecipesListViewModel.swift; sourceTree = "<group>"; };
		EB875F082B6C15A800381C02 /* RecipesListView.swift */ = {isa = PBXFileReference; lastKnownFileType = sourcecode.swift; path = RecipesListView.swift; sourceTree = "<group>"; };
		EBA1DAD02B5FC0FA00A1096C /* Cocina.app */ = {isa = PBXFileReference; explicitFileType = wrapper.application; includeInIndex = 0; path = Cocina.app; sourceTree = BUILT_PRODUCTS_DIR; };
		EBA1DAD32B5FC0FA00A1096C /* CocinaApp.swift */ = {isa = PBXFileReference; lastKnownFileType = sourcecode.swift; path = CocinaApp.swift; sourceTree = "<group>"; };
		EBA1DAD72B5FC0FB00A1096C /* Assets.xcassets */ = {isa = PBXFileReference; lastKnownFileType = folder.assetcatalog; path = Assets.xcassets; sourceTree = "<group>"; };
		EBA1DAD92B5FC0FB00A1096C /* Cocina.entitlements */ = {isa = PBXFileReference; lastKnownFileType = text.plist.entitlements; path = Cocina.entitlements; sourceTree = "<group>"; };
		EBA1DADB2B5FC0FB00A1096C /* Preview Assets.xcassets */ = {isa = PBXFileReference; lastKnownFileType = folder.assetcatalog; path = "Preview Assets.xcassets"; sourceTree = "<group>"; };
		EBA1DAE32B5FC16C00A1096C /* NetworkModel.swift */ = {isa = PBXFileReference; lastKnownFileType = sourcecode.swift; path = NetworkModel.swift; sourceTree = "<group>"; };
/* End PBXFileReference section */

/* Begin PBXFrameworksBuildPhase section */
		EBA1DACD2B5FC0FA00A1096C /* Frameworks */ = {
			isa = PBXFrameworksBuildPhase;
			buildActionMask = 2147483647;
			files = (
			);
			runOnlyForDeploymentPostprocessing = 0;
		};
/* End PBXFrameworksBuildPhase section */

/* Begin PBXGroup section */
		EB089FEB2B6174F30005B458 /* Views */ = {
			isa = PBXGroup;
			children = (
				EB089FEC2B6175040005B458 /* LoginView.swift */,
				EB875F082B6C15A800381C02 /* RecipesListView.swift */,
			);
			path = Views;
			sourceTree = "<group>";
		};
		EB151A2B2B69156B00521DAE /* Services */ = {
			isa = PBXGroup;
			children = (
				EB151A2C2B69158100521DAE /* UserSettings.swift */,
			);
			path = Services;
			sourceTree = "<group>";
		};
		EB875F052B6C156800381C02 /* ViewModel */ = {
			isa = PBXGroup;
			children = (
				EB875F062B6C157E00381C02 /* RecipesListViewModel.swift */,
			);
			path = ViewModel;
			sourceTree = "<group>";
		};
		EBA1DAC72B5FC0FA00A1096C = {
			isa = PBXGroup;
			children = (
				EBA1DAD22B5FC0FA00A1096C /* Cocina */,
				EBA1DAD12B5FC0FA00A1096C /* Products */,
			);
			sourceTree = "<group>";
		};
		EBA1DAD12B5FC0FA00A1096C /* Products */ = {
			isa = PBXGroup;
			children = (
				EBA1DAD02B5FC0FA00A1096C /* Cocina.app */,
			);
			name = Products;
			sourceTree = "<group>";
		};
		EBA1DAD22B5FC0FA00A1096C /* Cocina */ = {
			isa = PBXGroup;
			children = (
				EB875F052B6C156800381C02 /* ViewModel */,
				EBA1DAE22B5FC10800A1096C /* Models */,
				EB089FEB2B6174F30005B458 /* Views */,
				EB151A2B2B69156B00521DAE /* Services */,
				EBA1DAD32B5FC0FA00A1096C /* CocinaApp.swift */,
				EBA1DAD72B5FC0FB00A1096C /* Assets.xcassets */,
				EBA1DAD92B5FC0FB00A1096C /* Cocina.entitlements */,
				EBA1DADA2B5FC0FB00A1096C /* Preview Content */,
			);
			path = Cocina;
			sourceTree = "<group>";
		};
		EBA1DADA2B5FC0FB00A1096C /* Preview Content */ = {
			isa = PBXGroup;
			children = (
				EBA1DADB2B5FC0FB00A1096C /* Preview Assets.xcassets */,
			);
			path = "Preview Content";
			sourceTree = "<group>";
		};
		EBA1DAE22B5FC10800A1096C /* Models */ = {
			isa = PBXGroup;
			children = (
				EBA1DAE32B5FC16C00A1096C /* NetworkModel.swift */,
				EB84382F2B601481003AAD73 /* Recipes.swift */,
			);
			path = Models;
			sourceTree = "<group>";
		};
/* End PBXGroup section */

/* Begin PBXNativeTarget section */
		EBA1DACF2B5FC0FA00A1096C /* Cocina */ = {
			isa = PBXNativeTarget;
			buildConfigurationList = EBA1DADF2B5FC0FB00A1096C /* Build configuration list for PBXNativeTarget "Cocina" */;
			buildPhases = (
				EBA1DACC2B5FC0FA00A1096C /* Sources */,
				EBA1DACD2B5FC0FA00A1096C /* Frameworks */,
				EBA1DACE2B5FC0FA00A1096C /* Resources */,
			);
			buildRules = (
			);
			dependencies = (
			);
			name = Cocina;
			productName = Cocina;
			productReference = EBA1DAD02B5FC0FA00A1096C /* Cocina.app */;
			productType = "com.apple.product-type.application";
		};
/* End PBXNativeTarget section */

/* Begin PBXProject section */
		EBA1DAC82B5FC0FA00A1096C /* Project object */ = {
			isa = PBXProject;
			attributes = {
				BuildIndependentTargetsInParallel = 1;
				LastSwiftUpdateCheck = 1500;
				LastUpgradeCheck = 1500;
				TargetAttributes = {
					EBA1DACF2B5FC0FA00A1096C = {
						CreatedOnToolsVersion = 15.0;
					};
				};
			};
			buildConfigurationList = EBA1DACB2B5FC0FA00A1096C /* Build configuration list for PBXProject "Cocina" */;
			compatibilityVersion = "Xcode 14.0";
			developmentRegion = en;
			hasScannedForEncodings = 0;
			knownRegions = (
				en,
				Base,
			);
			mainGroup = EBA1DAC72B5FC0FA00A1096C;
			productRefGroup = EBA1DAD12B5FC0FA00A1096C /* Products */;
			projectDirPath = "";
			projectRoot = "";
			targets = (
				EBA1DACF2B5FC0FA00A1096C /* Cocina */,
			);
		};
/* End PBXProject section */

/* Begin PBXResourcesBuildPhase section */
		EBA1DACE2B5FC0FA00A1096C /* Resources */ = {
			isa = PBXResourcesBuildPhase;
			buildActionMask = 2147483647;
			files = (
				EBA1DADC2B5FC0FB00A1096C /* Preview Assets.xcassets in Resources */,
				EBA1DAD82B5FC0FB00A1096C /* Assets.xcassets in Resources */,
			);
			runOnlyForDeploymentPostprocessing = 0;
		};
/* End PBXResourcesBuildPhase section */

/* Begin PBXSourcesBuildPhase section */
		EBA1DACC2B5FC0FA00A1096C /* Sources */ = {
			isa = PBXSourcesBuildPhase;
			buildActionMask = 2147483647;
			files = (
				EBA1DAE42B5FC16C00A1096C /* NetworkModel.swift in Sources */,
				EBA1DAD42B5FC0FA00A1096C /* CocinaApp.swift in Sources */,
				EB875F072B6C157E00381C02 /* RecipesListViewModel.swift in Sources */,
				EB089FED2B6175040005B458 /* LoginView.swift in Sources */,
				EB875F092B6C15A800381C02 /* RecipesListView.swift in Sources */,
				EB151A2D2B69158100521DAE /* UserSettings.swift in Sources */,
				EB8438302B601481003AAD73 /* Recipes.swift in Sources */,
			);
			runOnlyForDeploymentPostprocessing = 0;
		};
/* End PBXSourcesBuildPhase section */

/* Begin XCBuildConfiguration section */
		EBA1DADD2B5FC0FB00A1096C /* Debug */ = {
			isa = XCBuildConfiguration;
			buildSettings = {
				ALWAYS_SEARCH_USER_PATHS = NO;
				ASSETCATALOG_COMPILER_GENERATE_SWIFT_ASSET_SYMBOL_EXTENSIONS = YES;
				CLANG_ANALYZER_NONNULL = YES;
				CLANG_ANALYZER_NUMBER_OBJECT_CONVERSION = YES_AGGRESSIVE;
				CLANG_CXX_LANGUAGE_STANDARD = "gnu++20";
				CLANG_ENABLE_MODULES = YES;
				CLANG_ENABLE_OBJC_ARC = YES;
				CLANG_ENABLE_OBJC_WEAK = YES;
				CLANG_WARN_BLOCK_CAPTURE_AUTORELEASING = YES;
				CLANG_WARN_BOOL_CONVERSION = YES;
				CLANG_WARN_COMMA = YES;
				CLANG_WARN_CONSTANT_CONVERSION = YES;
				CLANG_WARN_DEPRECATED_OBJC_IMPLEMENTATIONS = YES;
				CLANG_WARN_DIRECT_OBJC_ISA_USAGE = YES_ERROR;
				CLANG_WARN_DOCUMENTATION_COMMENTS = YES;
				CLANG_WARN_EMPTY_BODY = YES;
				CLANG_WARN_ENUM_CONVERSION = YES;
				CLANG_WARN_INFINITE_RECURSION = YES;
				CLANG_WARN_INT_CONVERSION = YES;
				CLANG_WARN_NON_LITERAL_NULL_CONVERSION = YES;
				CLANG_WARN_OBJC_IMPLICIT_RETAIN_SELF = YES;
				CLANG_WARN_OBJC_LITERAL_CONVERSION = YES;
				CLANG_WARN_OBJC_ROOT_CLASS = YES_ERROR;
				CLANG_WARN_QUOTED_INCLUDE_IN_FRAMEWORK_HEADER = YES;
				CLANG_WARN_RANGE_LOOP_ANALYSIS = YES;
				CLANG_WARN_STRICT_PROTOTYPES = YES;
				CLANG_WARN_SUSPICIOUS_MOVE = YES;
				CLANG_WARN_UNGUARDED_AVAILABILITY = YES_AGGRESSIVE;
				CLANG_WARN_UNREACHABLE_CODE = YES;
				CLANG_WARN__DUPLICATE_METHOD_MATCH = YES;
				COPY_PHASE_STRIP = NO;
				DEBUG_INFORMATION_FORMAT = dwarf;
				ENABLE_STRICT_OBJC_MSGSEND = YES;
				ENABLE_TESTABILITY = YES;
				ENABLE_USER_SCRIPT_SANDBOXING = YES;
				GCC_C_LANGUAGE_STANDARD = gnu17;
				GCC_DYNAMIC_NO_PIC = NO;
				GCC_NO_COMMON_BLOCKS = YES;
				GCC_OPTIMIZATION_LEVEL = 0;
				GCC_PREPROCESSOR_DEFINITIONS = (
					"DEBUG=1",
					"$(inherited)",
				);
				GCC_WARN_64_TO_32_BIT_CONVERSION = YES;
				GCC_WARN_ABOUT_RETURN_TYPE = YES_ERROR;
				GCC_WARN_UNDECLARED_SELECTOR = YES;
				GCC_WARN_UNINITIALIZED_AUTOS = YES_AGGRESSIVE;
				GCC_WARN_UNUSED_FUNCTION = YES;
				GCC_WARN_UNUSED_VARIABLE = YES;
				LOCALIZATION_PREFERS_STRING_CATALOGS = YES;
				MTL_ENABLE_DEBUG_INFO = INCLUDE_SOURCE;
				MTL_FAST_MATH = YES;
				ONLY_ACTIVE_ARCH = YES;
				SWIFT_ACTIVE_COMPILATION_CONDITIONS = "DEBUG $(inherited)";
				SWIFT_OPTIMIZATION_LEVEL = "-Onone";
			};
			name = Debug;
		};
		EBA1DADE2B5FC0FB00A1096C /* Release */ = {
			isa = XCBuildConfiguration;
			buildSettings = {
				ALWAYS_SEARCH_USER_PATHS = NO;
				ASSETCATALOG_COMPILER_GENERATE_SWIFT_ASSET_SYMBOL_EXTENSIONS = YES;
				CLANG_ANALYZER_NONNULL = YES;
				CLANG_ANALYZER_NUMBER_OBJECT_CONVERSION = YES_AGGRESSIVE;
				CLANG_CXX_LANGUAGE_STANDARD = "gnu++20";
				CLANG_ENABLE_MODULES = YES;
				CLANG_ENABLE_OBJC_ARC = YES;
				CLANG_ENABLE_OBJC_WEAK = YES;
				CLANG_WARN_BLOCK_CAPTURE_AUTORELEASING = YES;
				CLANG_WARN_BOOL_CONVERSION = YES;
				CLANG_WARN_COMMA = YES;
				CLANG_WARN_CONSTANT_CONVERSION = YES;
				CLANG_WARN_DEPRECATED_OBJC_IMPLEMENTATIONS = YES;
				CLANG_WARN_DIRECT_OBJC_ISA_USAGE = YES_ERROR;
				CLANG_WARN_DOCUMENTATION_COMMENTS = YES;
				CLANG_WARN_EMPTY_BODY = YES;
				CLANG_WARN_ENUM_CONVERSION = YES;
				CLANG_WARN_INFINITE_RECURSION = YES;
				CLANG_WARN_INT_CONVERSION = YES;
				CLANG_WARN_NON_LITERAL_NULL_CONVERSION = YES;
				CLANG_WARN_OBJC_IMPLICIT_RETAIN_SELF = YES;
				CLANG_WARN_OBJC_LITERAL_CONVERSION = YES;
				CLANG_WARN_OBJC_ROOT_CLASS = YES_ERROR;
				CLANG_WARN_QUOTED_INCLUDE_IN_FRAMEWORK_HEADER = YES;
				CLANG_WARN_RANGE_LOOP_ANALYSIS = YES;
				CLANG_WARN_STRICT_PROTOTYPES = YES;
				CLANG_WARN_SUSPICIOUS_MOVE = YES;
				CLANG_WARN_UNGUARDED_AVAILABILITY = YES_AGGRESSIVE;
				CLANG_WARN_UNREACHABLE_CODE = YES;
				CLANG_WARN__DUPLICATE_METHOD_MATCH = YES;
				COPY_PHASE_STRIP = NO;
				DEBUG_INFORMATION_FORMAT = "dwarf-with-dsym";
				ENABLE_NS_ASSERTIONS = NO;
				ENABLE_STRICT_OBJC_MSGSEND = YES;
				ENABLE_USER_SCRIPT_SANDBOXING = YES;
				GCC_C_LANGUAGE_STANDARD = gnu17;
				GCC_NO_COMMON_BLOCKS = YES;
				GCC_WARN_64_TO_32_BIT_CONVERSION = YES;
				GCC_WARN_ABOUT_RETURN_TYPE = YES_ERROR;
				GCC_WARN_UNDECLARED_SELECTOR = YES;
				GCC_WARN_UNINITIALIZED_AUTOS = YES_AGGRESSIVE;
				GCC_WARN_UNUSED_FUNCTION = YES;
				GCC_WARN_UNUSED_VARIABLE = YES;
				LOCALIZATION_PREFERS_STRING_CATALOGS = YES;
				MTL_ENABLE_DEBUG_INFO = NO;
				MTL_FAST_MATH = YES;
				SWIFT_COMPILATION_MODE = wholemodule;
			};
			name = Release;
		};
		EBA1DAE02B5FC0FB00A1096C /* Debug */ = {
			isa = XCBuildConfiguration;
			buildSettings = {
				ASSETCATALOG_COMPILER_APPICON_NAME = AppIcon;
				ASSETCATALOG_COMPILER_GLOBAL_ACCENT_COLOR_NAME = AccentColor;
				CODE_SIGN_ENTITLEMENTS = Cocina/Cocina.entitlements;
				CODE_SIGN_STYLE = Automatic;
				CURRENT_PROJECT_VERSION = 1;
				DEVELOPMENT_ASSET_PATHS = "\"Cocina/Preview Content\"";
				DEVELOPMENT_TEAM = L7UTXGQXMV;
				ENABLE_HARDENED_RUNTIME = YES;
				ENABLE_PREVIEWS = YES;
				GENERATE_INFOPLIST_FILE = YES;
				"INFOPLIST_KEY_UIApplicationSceneManifest_Generation[sdk=iphoneos*]" = YES;
				"INFOPLIST_KEY_UIApplicationSceneManifest_Generation[sdk=iphonesimulator*]" = YES;
				"INFOPLIST_KEY_UIApplicationSupportsIndirectInputEvents[sdk=iphoneos*]" = YES;
				"INFOPLIST_KEY_UIApplicationSupportsIndirectInputEvents[sdk=iphonesimulator*]" = YES;
				"INFOPLIST_KEY_UILaunchScreen_Generation[sdk=iphoneos*]" = YES;
				"INFOPLIST_KEY_UILaunchScreen_Generation[sdk=iphonesimulator*]" = YES;
				"INFOPLIST_KEY_UIStatusBarStyle[sdk=iphoneos*]" = UIStatusBarStyleDefault;
				"INFOPLIST_KEY_UIStatusBarStyle[sdk=iphonesimulator*]" = UIStatusBarStyleDefault;
				INFOPLIST_KEY_UISupportedInterfaceOrientations_iPad = "UIInterfaceOrientationPortrait UIInterfaceOrientationPortraitUpsideDown UIInterfaceOrientationLandscapeLeft UIInterfaceOrientationLandscapeRight";
				INFOPLIST_KEY_UISupportedInterfaceOrientations_iPhone = "UIInterfaceOrientationPortrait UIInterfaceOrientationLandscapeLeft UIInterfaceOrientationLandscapeRight";
				IPHONEOS_DEPLOYMENT_TARGET = 17.0;
				LD_RUNPATH_SEARCH_PATHS = "@executable_path/Frameworks";
				"LD_RUNPATH_SEARCH_PATHS[sdk=macosx*]" = "@executable_path/../Frameworks";
				MACOSX_DEPLOYMENT_TARGET = 13.5;
				MARKETING_VERSION = 1.0;
				PRODUCT_BUNDLE_IDENTIFIER = Pedro.Cocina;
				PRODUCT_NAME = "$(TARGET_NAME)";
				SDKROOT = auto;
				SUPPORTED_PLATFORMS = "iphoneos iphonesimulator macosx";
				SWIFT_EMIT_LOC_STRINGS = YES;
				SWIFT_VERSION = 5.0;
				TARGETED_DEVICE_FAMILY = "1,2";
			};
			name = Debug;
		};
		EBA1DAE12B5FC0FB00A1096C /* Release */ = {
			isa = XCBuildConfiguration;
			buildSettings = {
				ASSETCATALOG_COMPILER_APPICON_NAME = AppIcon;
				ASSETCATALOG_COMPILER_GLOBAL_ACCENT_COLOR_NAME = AccentColor;
				CODE_SIGN_ENTITLEMENTS = Cocina/Cocina.entitlements;
				CODE_SIGN_STYLE = Automatic;
				CURRENT_PROJECT_VERSION = 1;
				DEVELOPMENT_ASSET_PATHS = "\"Cocina/Preview Content\"";
				DEVELOPMENT_TEAM = L7UTXGQXMV;
				ENABLE_HARDENED_RUNTIME = YES;
				ENABLE_PREVIEWS = YES;
				GENERATE_INFOPLIST_FILE = YES;
				"INFOPLIST_KEY_UIApplicationSceneManifest_Generation[sdk=iphoneos*]" = YES;
				"INFOPLIST_KEY_UIApplicationSceneManifest_Generation[sdk=iphonesimulator*]" = YES;
				"INFOPLIST_KEY_UIApplicationSupportsIndirectInputEvents[sdk=iphoneos*]" = YES;
				"INFOPLIST_KEY_UIApplicationSupportsIndirectInputEvents[sdk=iphonesimulator*]" = YES;
				"INFOPLIST_KEY_UILaunchScreen_Generation[sdk=iphoneos*]" = YES;
				"INFOPLIST_KEY_UILaunchScreen_Generation[sdk=iphonesimulator*]" = YES;
				"INFOPLIST_KEY_UIStatusBarStyle[sdk=iphoneos*]" = UIStatusBarStyleDefault;
				"INFOPLIST_KEY_UIStatusBarStyle[sdk=iphonesimulator*]" = UIStatusBarStyleDefault;
				INFOPLIST_KEY_UISupportedInterfaceOrientations_iPad = "UIInterfaceOrientationPortrait UIInterfaceOrientationPortraitUpsideDown UIInterfaceOrientationLandscapeLeft UIInterfaceOrientationLandscapeRight";
				INFOPLIST_KEY_UISupportedInterfaceOrientations_iPhone = "UIInterfaceOrientationPortrait UIInterfaceOrientationLandscapeLeft UIInterfaceOrientationLandscapeRight";
				IPHONEOS_DEPLOYMENT_TARGET = 17.0;
				LD_RUNPATH_SEARCH_PATHS = "@executable_path/Frameworks";
				"LD_RUNPATH_SEARCH_PATHS[sdk=macosx*]" = "@executable_path/../Frameworks";
				MACOSX_DEPLOYMENT_TARGET = 13.5;
				MARKETING_VERSION = 1.0;
				PRODUCT_BUNDLE_IDENTIFIER = Pedro.Cocina;
				PRODUCT_NAME = "$(TARGET_NAME)";
				SDKROOT = auto;
				SUPPORTED_PLATFORMS = "iphoneos iphonesimulator macosx";
				SWIFT_EMIT_LOC_STRINGS = YES;
				SWIFT_VERSION = 5.0;
				TARGETED_DEVICE_FAMILY = "1,2";
			};
			name = Release;
		};
/* End XCBuildConfiguration section */

/* Begin XCConfigurationList section */
		EBA1DACB2B5FC0FA00A1096C /* Build configuration list for PBXProject "Cocina" */ = {
			isa = XCConfigurationList;
			buildConfigurations = (
				EBA1DADD2B5FC0FB00A1096C /* Debug */,
				EBA1DADE2B5FC0FB00A1096C /* Release */,
			);
			defaultConfigurationIsVisible = 0;
			defaultConfigurationName = Release;
		};
		EBA1DADF2B5FC0FB00A1096C /* Build configuration list for PBXNativeTarget "Cocina" */ = {
			isa = XCConfigurationList;
			buildConfigurations = (
				EBA1DAE02B5FC0FB00A1096C /* Debug */,
				EBA1DAE12B5FC0FB00A1096C /* Release */,
			);
			defaultConfigurationIsVisible = 0;
			defaultConfigurationName = Release;
		};
/* End XCConfigurationList section */
	};
	rootObject = EBA1DAC82B5FC0FA00A1096C /* Project object */;
}
